// !$*UTF8*$!
{
	archiveVersion = 1;
	classes = {
	};
	objectVersion = 46;
	objects = {

/* Begin PBXBuildFile section */
		3B7586A31F309F8B00742485 /* Raleway-Black.ttf in Resources */ = {isa = PBXBuildFile; fileRef = 3B7586911F309F8B00742485 /* Raleway-Black.ttf */; };
		3B7586A41F309F8B00742485 /* Raleway-BlackItalic.ttf in Resources */ = {isa = PBXBuildFile; fileRef = 3B7586921F309F8B00742485 /* Raleway-BlackItalic.ttf */; };
		3B7586A51F309F8B00742485 /* Raleway-Bold.ttf in Resources */ = {isa = PBXBuildFile; fileRef = 3B7586931F309F8B00742485 /* Raleway-Bold.ttf */; };
		3B7586A61F309F8B00742485 /* Raleway-BoldItalic.ttf in Resources */ = {isa = PBXBuildFile; fileRef = 3B7586941F309F8B00742485 /* Raleway-BoldItalic.ttf */; };
		3B7586A71F309F8B00742485 /* Raleway-ExtraBold.ttf in Resources */ = {isa = PBXBuildFile; fileRef = 3B7586951F309F8B00742485 /* Raleway-ExtraBold.ttf */; };
		3B7586A81F309F8B00742485 /* Raleway-ExtraBoldItalic.ttf in Resources */ = {isa = PBXBuildFile; fileRef = 3B7586961F309F8B00742485 /* Raleway-ExtraBoldItalic.ttf */; };
		3B7586A91F309F8B00742485 /* Raleway-ExtraLight.ttf in Resources */ = {isa = PBXBuildFile; fileRef = 3B7586971F309F8B00742485 /* Raleway-ExtraLight.ttf */; };
		3B7586AA1F309F8B00742485 /* Raleway-ExtraLightItalic.ttf in Resources */ = {isa = PBXBuildFile; fileRef = 3B7586981F309F8B00742485 /* Raleway-ExtraLightItalic.ttf */; };
		3B7586AB1F309F8B00742485 /* Raleway-Italic.ttf in Resources */ = {isa = PBXBuildFile; fileRef = 3B7586991F309F8B00742485 /* Raleway-Italic.ttf */; };
		3B7586AC1F309F8B00742485 /* Raleway-Light.ttf in Resources */ = {isa = PBXBuildFile; fileRef = 3B75869A1F309F8B00742485 /* Raleway-Light.ttf */; };
		3B7586AD1F309F8B00742485 /* Raleway-LightItalic.ttf in Resources */ = {isa = PBXBuildFile; fileRef = 3B75869B1F309F8B00742485 /* Raleway-LightItalic.ttf */; };
		3B7586AE1F309F8B00742485 /* Raleway-Medium.ttf in Resources */ = {isa = PBXBuildFile; fileRef = 3B75869C1F309F8B00742485 /* Raleway-Medium.ttf */; };
		3B7586AF1F309F8B00742485 /* Raleway-MediumItalic.ttf in Resources */ = {isa = PBXBuildFile; fileRef = 3B75869D1F309F8B00742485 /* Raleway-MediumItalic.ttf */; };
		3B7586B01F309F8B00742485 /* Raleway-Regular.ttf in Resources */ = {isa = PBXBuildFile; fileRef = 3B75869E1F309F8B00742485 /* Raleway-Regular.ttf */; };
		3B7586B11F309F8B00742485 /* Raleway-SemiBold.ttf in Resources */ = {isa = PBXBuildFile; fileRef = 3B75869F1F309F8B00742485 /* Raleway-SemiBold.ttf */; };
		3B7586B21F309F8B00742485 /* Raleway-SemiBoldItalic.ttf in Resources */ = {isa = PBXBuildFile; fileRef = 3B7586A01F309F8B00742485 /* Raleway-SemiBoldItalic.ttf */; };
		3B7586B31F309F8B00742485 /* Raleway-Thin.ttf in Resources */ = {isa = PBXBuildFile; fileRef = 3B7586A11F309F8B00742485 /* Raleway-Thin.ttf */; };
		3B7586B41F309F8B00742485 /* Raleway-ThinItalic.ttf in Resources */ = {isa = PBXBuildFile; fileRef = 3B7586A21F309F8B00742485 /* Raleway-ThinItalic.ttf */; };
		3B7A02E61F2FFB1B00E158AF /* AppDelegate.swift in Sources */ = {isa = PBXBuildFile; fileRef = 3B7A02E51F2FFB1B00E158AF /* AppDelegate.swift */; };
		3B7A02E81F2FFB1B00E158AF /* LoginViewController.swift in Sources */ = {isa = PBXBuildFile; fileRef = 3B7A02E71F2FFB1B00E158AF /* LoginViewController.swift */; };
		3B7A02EB1F2FFB1B00E158AF /* Main.storyboard in Resources */ = {isa = PBXBuildFile; fileRef = 3B7A02E91F2FFB1B00E158AF /* Main.storyboard */; };
		3B7A02ED1F2FFB1B00E158AF /* Assets.xcassets in Resources */ = {isa = PBXBuildFile; fileRef = 3B7A02EC1F2FFB1B00E158AF /* Assets.xcassets */; };
		3B7A02F01F2FFB1B00E158AF /* LaunchScreen.storyboard in Resources */ = {isa = PBXBuildFile; fileRef = 3B7A02EE1F2FFB1B00E158AF /* LaunchScreen.storyboard */; };
		3B7A02F81F2FFBBC00E158AF /* SearchViewController.swift in Sources */ = {isa = PBXBuildFile; fileRef = 3B7A02F71F2FFBBC00E158AF /* SearchViewController.swift */; };
		3BA6754E1F31252B00015165 /* Info.plist in Resources */ = {isa = PBXBuildFile; fileRef = 3BA675491F31252B00015165 /* Info.plist */; };
		3BA6754F1F31252B00015165 /* Palette.swift in Sources */ = {isa = PBXBuildFile; fileRef = 3BA6754A1F31252B00015165 /* Palette.swift */; };
		3BA675501F31252B00015165 /* TwicketSegmentedControl.swift in Sources */ = {isa = PBXBuildFile; fileRef = 3BA6754C1F31252B00015165 /* TwicketSegmentedControl.swift */; };
		3BA675511F31252B00015165 /* UIViewShadowExtension.swift in Sources */ = {isa = PBXBuildFile; fileRef = 3BA6754D1F31252B00015165 /* UIViewShadowExtension.swift */; };
/* End PBXBuildFile section */

/* Begin PBXFileReference section */
		3B7586911F309F8B00742485 /* Raleway-Black.ttf */ = {isa = PBXFileReference; lastKnownFileType = file; path = "Raleway-Black.ttf"; sourceTree = "<group>"; };
		3B7586921F309F8B00742485 /* Raleway-BlackItalic.ttf */ = {isa = PBXFileReference; lastKnownFileType = file; path = "Raleway-BlackItalic.ttf"; sourceTree = "<group>"; };
		3B7586931F309F8B00742485 /* Raleway-Bold.ttf */ = {isa = PBXFileReference; lastKnownFileType = file; path = "Raleway-Bold.ttf"; sourceTree = "<group>"; };
		3B7586941F309F8B00742485 /* Raleway-BoldItalic.ttf */ = {isa = PBXFileReference; lastKnownFileType = file; path = "Raleway-BoldItalic.ttf"; sourceTree = "<group>"; };
		3B7586951F309F8B00742485 /* Raleway-ExtraBold.ttf */ = {isa = PBXFileReference; lastKnownFileType = file; path = "Raleway-ExtraBold.ttf"; sourceTree = "<group>"; };
		3B7586961F309F8B00742485 /* Raleway-ExtraBoldItalic.ttf */ = {isa = PBXFileReference; lastKnownFileType = file; path = "Raleway-ExtraBoldItalic.ttf"; sourceTree = "<group>"; };
		3B7586971F309F8B00742485 /* Raleway-ExtraLight.ttf */ = {isa = PBXFileReference; lastKnownFileType = file; path = "Raleway-ExtraLight.ttf"; sourceTree = "<group>"; };
		3B7586981F309F8B00742485 /* Raleway-ExtraLightItalic.ttf */ = {isa = PBXFileReference; lastKnownFileType = file; path = "Raleway-ExtraLightItalic.ttf"; sourceTree = "<group>"; };
		3B7586991F309F8B00742485 /* Raleway-Italic.ttf */ = {isa = PBXFileReference; lastKnownFileType = file; path = "Raleway-Italic.ttf"; sourceTree = "<group>"; };
		3B75869A1F309F8B00742485 /* Raleway-Light.ttf */ = {isa = PBXFileReference; lastKnownFileType = file; path = "Raleway-Light.ttf"; sourceTree = "<group>"; };
		3B75869B1F309F8B00742485 /* Raleway-LightItalic.ttf */ = {isa = PBXFileReference; lastKnownFileType = file; path = "Raleway-LightItalic.ttf"; sourceTree = "<group>"; };
		3B75869C1F309F8B00742485 /* Raleway-Medium.ttf */ = {isa = PBXFileReference; lastKnownFileType = file; path = "Raleway-Medium.ttf"; sourceTree = "<group>"; };
		3B75869D1F309F8B00742485 /* Raleway-MediumItalic.ttf */ = {isa = PBXFileReference; lastKnownFileType = file; path = "Raleway-MediumItalic.ttf"; sourceTree = "<group>"; };
		3B75869E1F309F8B00742485 /* Raleway-Regular.ttf */ = {isa = PBXFileReference; lastKnownFileType = file; path = "Raleway-Regular.ttf"; sourceTree = "<group>"; };
		3B75869F1F309F8B00742485 /* Raleway-SemiBold.ttf */ = {isa = PBXFileReference; lastKnownFileType = file; path = "Raleway-SemiBold.ttf"; sourceTree = "<group>"; };
		3B7586A01F309F8B00742485 /* Raleway-SemiBoldItalic.ttf */ = {isa = PBXFileReference; lastKnownFileType = file; path = "Raleway-SemiBoldItalic.ttf"; sourceTree = "<group>"; };
		3B7586A11F309F8B00742485 /* Raleway-Thin.ttf */ = {isa = PBXFileReference; lastKnownFileType = file; path = "Raleway-Thin.ttf"; sourceTree = "<group>"; };
		3B7586A21F309F8B00742485 /* Raleway-ThinItalic.ttf */ = {isa = PBXFileReference; lastKnownFileType = file; path = "Raleway-ThinItalic.ttf"; sourceTree = "<group>"; };
		3B7A02E21F2FFB1B00E158AF /* DLC-Task.app */ = {isa = PBXFileReference; explicitFileType = wrapper.application; includeInIndex = 0; path = "DLC-Task.app"; sourceTree = BUILT_PRODUCTS_DIR; };
		3B7A02E51F2FFB1B00E158AF /* AppDelegate.swift */ = {isa = PBXFileReference; lastKnownFileType = sourcecode.swift; path = AppDelegate.swift; sourceTree = "<group>"; };
		3B7A02E71F2FFB1B00E158AF /* LoginViewController.swift */ = {isa = PBXFileReference; lastKnownFileType = sourcecode.swift; path = LoginViewController.swift; sourceTree = "<group>"; };
		3B7A02EA1F2FFB1B00E158AF /* Base */ = {isa = PBXFileReference; lastKnownFileType = file.storyboard; name = Base; path = Base.lproj/Main.storyboard; sourceTree = "<group>"; };
		3B7A02EC1F2FFB1B00E158AF /* Assets.xcassets */ = {isa = PBXFileReference; lastKnownFileType = folder.assetcatalog; path = Assets.xcassets; sourceTree = "<group>"; };
		3B7A02EF1F2FFB1B00E158AF /* Base */ = {isa = PBXFileReference; lastKnownFileType = file.storyboard; name = Base; path = Base.lproj/LaunchScreen.storyboard; sourceTree = "<group>"; };
		3B7A02F11F2FFB1B00E158AF /* Info.plist */ = {isa = PBXFileReference; lastKnownFileType = text.plist.xml; path = Info.plist; sourceTree = "<group>"; };
		3B7A02F71F2FFBBC00E158AF /* SearchViewController.swift */ = {isa = PBXFileReference; fileEncoding = 4; lastKnownFileType = sourcecode.swift; path = SearchViewController.swift; sourceTree = "<group>"; };
		3BA675491F31252B00015165 /* Info.plist */ = {isa = PBXFileReference; fileEncoding = 4; lastKnownFileType = text.plist.xml; path = Info.plist; sourceTree = "<group>"; };
		3BA6754A1F31252B00015165 /* Palette.swift */ = {isa = PBXFileReference; fileEncoding = 4; lastKnownFileType = sourcecode.swift; path = Palette.swift; sourceTree = "<group>"; };
		3BA6754B1F31252B00015165 /* TwicketSegmentedControl.h */ = {isa = PBXFileReference; fileEncoding = 4; lastKnownFileType = sourcecode.c.h; path = TwicketSegmentedControl.h; sourceTree = "<group>"; };
		3BA6754C1F31252B00015165 /* TwicketSegmentedControl.swift */ = {isa = PBXFileReference; fileEncoding = 4; lastKnownFileType = sourcecode.swift; path = TwicketSegmentedControl.swift; sourceTree = "<group>"; };
		3BA6754D1F31252B00015165 /* UIViewShadowExtension.swift */ = {isa = PBXFileReference; fileEncoding = 4; lastKnownFileType = sourcecode.swift; path = UIViewShadowExtension.swift; sourceTree = "<group>"; };
/* End PBXFileReference section */

/* Begin PBXFrameworksBuildPhase section */
		3B7A02DF1F2FFB1B00E158AF /* Frameworks */ = {
			isa = PBXFrameworksBuildPhase;
			buildActionMask = 2147483647;
			files = (
			);
			runOnlyForDeploymentPostprocessing = 0;
		};
/* End PBXFrameworksBuildPhase section */

/* Begin PBXGroup section */
		3B7A02D91F2FFB1B00E158AF = {
			isa = PBXGroup;
			children = (
				3B7586911F309F8B00742485 /* Raleway-Black.ttf */,
				3B7586921F309F8B00742485 /* Raleway-BlackItalic.ttf */,
				3B7586931F309F8B00742485 /* Raleway-Bold.ttf */,
				3B7586941F309F8B00742485 /* Raleway-BoldItalic.ttf */,
				3B7586951F309F8B00742485 /* Raleway-ExtraBold.ttf */,
				3B7586961F309F8B00742485 /* Raleway-ExtraBoldItalic.ttf */,
				3B7586971F309F8B00742485 /* Raleway-ExtraLight.ttf */,
				3B7586981F309F8B00742485 /* Raleway-ExtraLightItalic.ttf */,
				3B7586991F309F8B00742485 /* Raleway-Italic.ttf */,
				3B75869A1F309F8B00742485 /* Raleway-Light.ttf */,
				3B75869B1F309F8B00742485 /* Raleway-LightItalic.ttf */,
				3B75869C1F309F8B00742485 /* Raleway-Medium.ttf */,
				3B75869D1F309F8B00742485 /* Raleway-MediumItalic.ttf */,
				3B75869E1F309F8B00742485 /* Raleway-Regular.ttf */,
				3B75869F1F309F8B00742485 /* Raleway-SemiBold.ttf */,
				3B7586A01F309F8B00742485 /* Raleway-SemiBoldItalic.ttf */,
				3B7586A11F309F8B00742485 /* Raleway-Thin.ttf */,
				3B7586A21F309F8B00742485 /* Raleway-ThinItalic.ttf */,
				3BA675481F31252B00015165 /* TwicketSegmentedControl */,
				3B7A02E41F2FFB1B00E158AF /* DLC-Task */,
				3B7A02E31F2FFB1B00E158AF /* Products */,
			);
			sourceTree = "<group>";
		};
		3B7A02E31F2FFB1B00E158AF /* Products */ = {
			isa = PBXGroup;
			children = (
				3B7A02E21F2FFB1B00E158AF /* DLC-Task.app */,
			);
			name = Products;
			sourceTree = "<group>";
		};
		3B7A02E41F2FFB1B00E158AF /* DLC-Task */ = {
			isa = PBXGroup;
			children = (
				3B7A02E51F2FFB1B00E158AF /* AppDelegate.swift */,
				3B7A02E71F2FFB1B00E158AF /* LoginViewController.swift */,
				3B7A02E91F2FFB1B00E158AF /* Main.storyboard */,
				3B7A02F71F2FFBBC00E158AF /* SearchViewController.swift */,
				3B7A02EC1F2FFB1B00E158AF /* Assets.xcassets */,
				3B7A02EE1F2FFB1B00E158AF /* LaunchScreen.storyboard */,
				3B7A02F11F2FFB1B00E158AF /* Info.plist */,
			);
			path = "DLC-Task";
			sourceTree = "<group>";
		};
		3BA675481F31252B00015165 /* TwicketSegmentedControl */ = {
			isa = PBXGroup;
			children = (
				3BA675491F31252B00015165 /* Info.plist */,
				3BA6754A1F31252B00015165 /* Palette.swift */,
				3BA6754B1F31252B00015165 /* TwicketSegmentedControl.h */,
				3BA6754C1F31252B00015165 /* TwicketSegmentedControl.swift */,
				3BA6754D1F31252B00015165 /* UIViewShadowExtension.swift */,
			);
			name = TwicketSegmentedControl;
			path = "DLC-Task/TwicketSegmentedControl";
			sourceTree = "<group>";
		};
/* End PBXGroup section */

/* Begin PBXNativeTarget section */
		3B7A02E11F2FFB1B00E158AF /* DLC-Task */ = {
			isa = PBXNativeTarget;
			buildConfigurationList = 3B7A02F41F2FFB1B00E158AF /* Build configuration list for PBXNativeTarget "DLC-Task" */;
			buildPhases = (
				3B7A02DE1F2FFB1B00E158AF /* Sources */,
				3B7A02DF1F2FFB1B00E158AF /* Frameworks */,
				3B7A02E01F2FFB1B00E158AF /* Resources */,
			);
			buildRules = (
			);
			dependencies = (
			);
			name = "DLC-Task";
			productName = "DLC-Task";
			productReference = 3B7A02E21F2FFB1B00E158AF /* DLC-Task.app */;
			productType = "com.apple.product-type.application";
		};
/* End PBXNativeTarget section */

/* Begin PBXProject section */
		3B7A02DA1F2FFB1B00E158AF /* Project object */ = {
			isa = PBXProject;
			attributes = {
				LastSwiftUpdateCheck = 0830;
				LastUpgradeCheck = 0830;
				ORGANIZATIONNAME = "Yasser Abouel-Saad";
				TargetAttributes = {
					3B7A02E11F2FFB1B00E158AF = {
						CreatedOnToolsVersion = 8.3.3;
						DevelopmentTeam = M28E27TNGL;
						ProvisioningStyle = Automatic;
					};
				};
			};
			buildConfigurationList = 3B7A02DD1F2FFB1B00E158AF /* Build configuration list for PBXProject "DLC-Task" */;
			compatibilityVersion = "Xcode 3.2";
			developmentRegion = English;
			hasScannedForEncodings = 0;
			knownRegions = (
				en,
				Base,
			);
			mainGroup = 3B7A02D91F2FFB1B00E158AF;
			productRefGroup = 3B7A02E31F2FFB1B00E158AF /* Products */;
			projectDirPath = "";
			projectRoot = "";
			targets = (
				3B7A02E11F2FFB1B00E158AF /* DLC-Task */,
			);
		};
/* End PBXProject section */

/* Begin PBXResourcesBuildPhase section */
		3B7A02E01F2FFB1B00E158AF /* Resources */ = {
			isa = PBXResourcesBuildPhase;
			buildActionMask = 2147483647;
			files = (
				3B7A02F01F2FFB1B00E158AF /* LaunchScreen.storyboard in Resources */,
				3B7A02ED1F2FFB1B00E158AF /* Assets.xcassets in Resources */,
				3B7A02EB1F2FFB1B00E158AF /* Main.storyboard in Resources */,
				3B7586A31F309F8B00742485 /* Raleway-Black.ttf in Resources */,
				3B7586A41F309F8B00742485 /* Raleway-BlackItalic.ttf in Resources */,
				3B7586A51F309F8B00742485 /* Raleway-Bold.ttf in Resources */,
				3B7586A61F309F8B00742485 /* Raleway-BoldItalic.ttf in Resources */,
				3B7586A71F309F8B00742485 /* Raleway-ExtraBold.ttf in Resources */,
				3BA6754E1F31252B00015165 /* Info.plist in Resources */,
				3B7586A81F309F8B00742485 /* Raleway-ExtraBoldItalic.ttf in Resources */,
				3B7586A91F309F8B00742485 /* Raleway-ExtraLight.ttf in Resources */,
				3B7586AA1F309F8B00742485 /* Raleway-ExtraLightItalic.ttf in Resources */,
				3B7586AB1F309F8B00742485 /* Raleway-Italic.ttf in Resources */,
				3B7586AC1F309F8B00742485 /* Raleway-Light.ttf in Resources */,
				3B7586AD1F309F8B00742485 /* Raleway-LightItalic.ttf in Resources */,
				3B7586AE1F309F8B00742485 /* Raleway-Medium.ttf in Resources */,
				3B7586AF1F309F8B00742485 /* Raleway-MediumItalic.ttf in Resources */,
				3B7586B01F309F8B00742485 /* Raleway-Regular.ttf in Resources */,
				3B7586B11F309F8B00742485 /* Raleway-SemiBold.ttf in Resources */,
				3B7586B21F309F8B00742485 /* Raleway-SemiBoldItalic.ttf in Resources */,
				3B7586B31F309F8B00742485 /* Raleway-Thin.ttf in Resources */,
				3B7586B41F309F8B00742485 /* Raleway-ThinItalic.ttf in Resources */,
			);
			runOnlyForDeploymentPostprocessing = 0;
		};
/* End PBXResourcesBuildPhase section */

/* Begin PBXSourcesBuildPhase section */
		3B7A02DE1F2FFB1B00E158AF /* Sources */ = {
			isa = PBXSourcesBuildPhase;
			buildActionMask = 2147483647;
			files = (
				3BA675511F31252B00015165 /* UIViewShadowExtension.swift in Sources */,
				3B7A02F81F2FFBBC00E158AF /* SearchViewController.swift in Sources */,
				3B7A02E81F2FFB1B00E158AF /* LoginViewController.swift in Sources */,
				3B7A02E61F2FFB1B00E158AF /* AppDelegate.swift in Sources */,
				3BA6754F1F31252B00015165 /* Palette.swift in Sources */,
				3BA675501F31252B00015165 /* TwicketSegmentedControl.swift in Sources */,
			);
			runOnlyForDeploymentPostprocessing = 0;
		};
/* End PBXSourcesBuildPhase section */

/* Begin PBXVariantGroup section */
		3B7A02E91F2FFB1B00E158AF /* Main.storyboard */ = {
			isa = PBXVariantGroup;
			children = (
				3B7A02EA1F2FFB1B00E158AF /* Base */,
			);
			name = Main.storyboard;
			sourceTree = "<group>";
		};
		3B7A02EE1F2FFB1B00E158AF /* LaunchScreen.storyboard */ = {
			isa = PBXVariantGroup;
			children = (
				3B7A02EF1F2FFB1B00E158AF /* Base */,
			);
			name = LaunchScreen.storyboard;
			sourceTree = "<group>";
		};
/* End PBXVariantGroup section */

/* Begin XCBuildConfiguration section */
		3B7A02F21F2FFB1B00E158AF /* Debug */ = {
			isa = XCBuildConfiguration;
			buildSettings = {
				ALWAYS_SEARCH_USER_PATHS = NO;
				CLANG_ANALYZER_NONNULL = YES;
				CLANG_ANALYZER_NUMBER_OBJECT_CONVERSION = YES_AGGRESSIVE;
				CLANG_CXX_LANGUAGE_STANDARD = "gnu++0x";
				CLANG_CXX_LIBRARY = "libc++";
				CLANG_ENABLE_MODULES = YES;
				CLANG_ENABLE_OBJC_ARC = YES;
				CLANG_WARN_BOOL_CONVERSION = YES;
				CLANG_WARN_CONSTANT_CONVERSION = YES;
				CLANG_WARN_DIRECT_OBJC_ISA_USAGE = YES_ERROR;
				CLANG_WARN_DOCUMENTATION_COMMENTS = YES;
				CLANG_WARN_EMPTY_BODY = YES;
				CLANG_WARN_ENUM_CONVERSION = YES;
				CLANG_WARN_INFINITE_RECURSION = YES;
				CLANG_WARN_INT_CONVERSION = YES;
				CLANG_WARN_OBJC_ROOT_CLASS = YES_ERROR;
				CLANG_WARN_SUSPICIOUS_MOVE = YES;
				CLANG_WARN_UNREACHABLE_CODE = YES;
				CLANG_WARN__DUPLICATE_METHOD_MATCH = YES;
				"CODE_SIGN_IDENTITY[sdk=iphoneos*]" = "iPhone Developer";
				COPY_PHASE_STRIP = NO;
				DEBUG_INFORMATION_FORMAT = dwarf;
				ENABLE_STRICT_OBJC_MSGSEND = YES;
				ENABLE_TESTABILITY = YES;
				GCC_C_LANGUAGE_STANDARD = gnu99;
				GCC_DYNAMIC_NO_PIC = NO;
				GCC_NO_COMMON_BLOCKS = YES;
				GCC_OPTIMIZATION_LEVEL = 0;
				GCC_PREPROCESSOR_DEFINITIONS = (
					"DEBUG=1",
					"$(inherited)",
				);
				GCC_WARN_64_TO_32_BIT_CONVERSION = YES;
				GCC_WARN_ABOUT_RETURN_TYPE = YES_ERROR;
				GCC_WARN_UNDECLARED_SELECTOR = YES;
				GCC_WARN_UNINITIALIZED_AUTOS = YES_AGGRESSIVE;
				GCC_WARN_UNUSED_FUNCTION = YES;
				GCC_WARN_UNUSED_VARIABLE = YES;
				IPHONEOS_DEPLOYMENT_TARGET = 10.3;
				MTL_ENABLE_DEBUG_INFO = YES;
				ONLY_ACTIVE_ARCH = YES;
				SDKROOT = iphoneos;
				SWIFT_ACTIVE_COMPILATION_CONDITIONS = DEBUG;
				SWIFT_OPTIMIZATION_LEVEL = "-Onone";
				TARGETED_DEVICE_FAMILY = "1,2";
			};
			name = Debug;
		};
		3B7A02F31F2FFB1B00E158AF /* Release */ = {
			isa = XCBuildConfiguration;
			buildSettings = {
				ALWAYS_SEARCH_USER_PATHS = NO;
				CLANG_ANALYZER_NONNULL = YES;
				CLANG_ANALYZER_NUMBER_OBJECT_CONVERSION = YES_AGGRESSIVE;
				CLANG_CXX_LANGUAGE_STANDARD = "gnu++0x";
				CLANG_CXX_LIBRARY = "libc++";
				CLANG_ENABLE_MODULES = YES;
				CLANG_ENABLE_OBJC_ARC = YES;
				CLANG_WARN_BOOL_CONVERSION = YES;
				CLANG_WARN_CONSTANT_CONVERSION = YES;
				CLANG_WARN_DIRECT_OBJC_ISA_USAGE = YES_ERROR;
				CLANG_WARN_DOCUMENTATION_COMMENTS = YES;
				CLANG_WARN_EMPTY_BODY = YES;
				CLANG_WARN_ENUM_CONVERSION = YES;
				CLANG_WARN_INFINITE_RECURSION = YES;
				CLANG_WARN_INT_CONVERSION = YES;
				CLANG_WARN_OBJC_ROOT_CLASS = YES_ERROR;
				CLANG_WARN_SUSPICIOUS_MOVE = YES;
				CLANG_WARN_UNREACHABLE_CODE = YES;
				CLANG_WARN__DUPLICATE_METHOD_MATCH = YES;
				"CODE_SIGN_IDENTITY[sdk=iphoneos*]" = "iPhone Developer";
				COPY_PHASE_STRIP = NO;
				DEBUG_INFORMATION_FORMAT = "dwarf-with-dsym";
				ENABLE_NS_ASSERTIONS = NO;
				ENABLE_STRICT_OBJC_MSGSEND = YES;
				GCC_C_LANGUAGE_STANDARD = gnu99;
				GCC_NO_COMMON_BLOCKS = YES;
				GCC_WARN_64_TO_32_BIT_CONVERSION = YES;
				GCC_WARN_ABOUT_RETURN_TYPE = YES_ERROR;
				GCC_WARN_UNDECLARED_SELECTOR = YES;
				GCC_WARN_UNINITIALIZED_AUTOS = YES_AGGRESSIVE;
				GCC_WARN_UNUSED_FUNCTION = YES;
				GCC_WARN_UNUSED_VARIABLE = YES;
				IPHONEOS_DEPLOYMENT_TARGET = 10.3;
				MTL_ENABLE_DEBUG_INFO = NO;
				SDKROOT = iphoneos;
				SWIFT_OPTIMIZATION_LEVEL = "-Owholemodule";
				TARGETED_DEVICE_FAMILY = "1,2";
				VALIDATE_PRODUCT = YES;
			};
			name = Release;
		};
		3B7A02F51F2FFB1B00E158AF /* Debug */ = {
			isa = XCBuildConfiguration;
			buildSettings = {
				ASSETCATALOG_COMPILER_APPICON_NAME = AppIcon;
				DEVELOPMENT_TEAM = M28E27TNGL;
				INFOPLIST_FILE = "DLC-Task/Info.plist";
				LD_RUNPATH_SEARCH_PATHS = "$(inherited) @executable_path/Frameworks";
				PRODUCT_BUNDLE_IDENTIFIER = "Yasser.DLC-Task";
				PRODUCT_NAME = "$(TARGET_NAME)";
				SWIFT_VERSION = 3.0;
			};
			name = Debug;
		};
		3B7A02F61F2FFB1B00E158AF /* Release */ = {
			isa = XCBuildConfiguration;
			buildSettings = {
				ASSETCATALOG_COMPILER_APPICON_NAME = AppIcon;
				DEVELOPMENT_TEAM = M28E27TNGL;
				INFOPLIST_FILE = "DLC-Task/Info.plist";
				LD_RUNPATH_SEARCH_PATHS = "$(inherited) @executable_path/Frameworks";
				PRODUCT_BUNDLE_IDENTIFIER = "Yasser.DLC-Task";
				PRODUCT_NAME = "$(TARGET_NAME)";
				SWIFT_VERSION = 3.0;
			};
			name = Release;
		};
/* End XCBuildConfiguration section */

/* Begin XCConfigurationList section */
		3B7A02DD1F2FFB1B00E158AF /* Build configuration list for PBXProject "DLC-Task" */ = {
			isa = XCConfigurationList;
			buildConfigurations = (
				3B7A02F21F2FFB1B00E158AF /* Debug */,
				3B7A02F31F2FFB1B00E158AF /* Release */,
			);
			defaultConfigurationIsVisible = 0;
			defaultConfigurationName = Release;
		};
		3B7A02F41F2FFB1B00E158AF /* Build configuration list for PBXNativeTarget "DLC-Task" */ = {
			isa = XCConfigurationList;
			buildConfigurations = (
				3B7A02F51F2FFB1B00E158AF /* Debug */,
				3B7A02F61F2FFB1B00E158AF /* Release */,
			);
			defaultConfigurationIsVisible = 0;
			defaultConfigurationName = Release;
		};
/* End XCConfigurationList section */
	};
	rootObject = 3B7A02DA1F2FFB1B00E158AF /* Project object */;
}
